<?xml version="1.0" encoding="utf-8"?>
<Project ToolsVersion="4.0" xmlns="http://schemas.microsoft.com/developer/msbuild/2003">
  <ItemGroup>
    <Filter Include="Source Files">
      <UniqueIdentifier>{4FC737F1-C7A5-4376-A066-2A32D752A2FF}</UniqueIdentifier>
      <Extensions>cpp;c;cc;cxx;def;odl;idl;hpj;bat;asm;asmx</Extensions>
    </Filter>
    <Filter Include="Source Files\gl">
      <UniqueIdentifier>{c001b422-5479-43fa-8d3f-e032b997e069}</UniqueIdentifier>
    </Filter>
    <Filter Include="Header Files">
      <UniqueIdentifier>{93995380-89BD-4b04-88EB-625FBE52EBFB}</UniqueIdentifier>
      <Extensions>h;hpp;hxx;hm;inl;inc;xsd</Extensions>
    </Filter>
    <Filter Include="Header Files\gl">
      <UniqueIdentifier>{dcfca700-d2d8-4e58-b39f-aa0fb63550c0}</UniqueIdentifier>
    </Filter>
    <Filter Include="Header Files\math">
      <UniqueIdentifier>{cf2203ee-4aa4-45e4-a2cc-63d942f35fb0}</UniqueIdentifier>
    </Filter>
    <Filter Include="Header Files\utils">
      <UniqueIdentifier>{14930c74-8971-4edc-8539-b7c6d51fea51}</UniqueIdentifier>
    </Filter>
    <Filter Include="Resource Files">
      <UniqueIdentifier>{67DA6AB6-F800-4c08-8B7A-83BB121AAD01}</UniqueIdentifier>
      <Extensions>rc;ico;cur;bmp;dlg;rc2;rct;bin;rgs;gif;jpg;jpeg;jpe;resx;tiff;tif;png;wav</Extensions>
    </Filter>
  </ItemGroup>
  <ItemGroup>
    <ClCompile Include="..\..\..\src\gl\fbo.cpp">
      <Filter>Source Files\gl</Filter>
    </ClCompile>
    <ClCompile Include="..\..\..\src\gl\GlutViewer.cpp">
      <Filter>Source Files\gl</Filter>
    </ClCompile>
    <ClCompile Include="..\..\..\src\gl\Mesh3D.cpp">
      <Filter>Source Files\gl</Filter>
    </ClCompile>
    <ClCompile Include="..\..\..\src\gl\shader.cpp">
      <Filter>Source Files\gl</Filter>
    </ClCompile>
    <ClCompile Include="..\..\..\src\gl\texture.cpp">
      <Filter>Source Files\gl</Filter>
    </ClCompile>
    <ClCompile Include="..\..\..\src\gl\TrackballViewer.cpp">
      <Filter>Source Files\gl</Filter>
    </ClCompile>
    <ClCompile Include="..\..\..\src\GrassRendering\main.cpp">
      <Filter>Source Files</Filter>
    </ClCompile>
    <ClCompile Include="..\..\..\src\GrassRendering\GrassRendering.cpp">
      <Filter>Source Files</Filter>
    </ClCompile>
  </ItemGroup>
  <ItemGroup>
    <ClInclude Include="..\..\..\src\gl\Camera3D.h">
      <Filter>Header Files\gl</Filter>
    </ClInclude>
    <ClInclude Include="..\..\..\src\gl\fbo.h">
      <Filter>Header Files\gl</Filter>
    </ClInclude>
    <ClInclude Include="..\..\..\src\gl\gl.h">
      <Filter>Header Files\gl</Filter>
    </ClInclude>
    <ClInclude Include="..\..\..\src\gl\GlutViewer.h">
      <Filter>Header Files\gl</Filter>
    </ClInclude>
    <ClInclude Include="..\..\..\src\gl\Light3D.h">
      <Filter>Header Files\gl</Filter>
    </ClInclude>
    <ClInclude Include="..\..\..\src\gl\Mesh3D.h">
      <Filter>Header Files\gl</Filter>
    </ClInclude>
    <ClInclude Include="..\..\..\src\gl\Object3D.h">
      <Filter>Header Files\gl</Filter>
    </ClInclude>
    <ClInclude Include="..\..\..\src\gl\shader.h">
      <Filter>Header Files\gl</Filter>
    </ClInclude>
    <ClInclude Include="..\..\..\src\gl\texture.h">
      <Filter>Header Files\gl</Filter>
    </ClInclude>
    <ClInclude Include="..\..\..\src\gl\TrackballViewer.h">
      <Filter>Header Files\gl</Filter>
    </ClInclude>
    <ClInclude Include="..\..\..\src\math\Matrix4.h">
      <Filter>Header Files\math</Filter>
    </ClInclude>
    <ClInclude Include="..\..\..\src\math\Vector2.h">
      <Filter>Header Files\math</Filter>
    </ClInclude>
    <ClInclude Include="..\..\..\src\math\Vector3.h">
      <Filter>Header Files\math</Filter>
    </ClInclude>
    <ClInclude Include="..\..\..\src\math\Vector4.h">
      <Filter>Header Files\math</Filter>
    </ClInclude>
    <ClInclude Include="..\..\..\src\utils\Mesh3DReader.h">
      <Filter>Header Files\utils</Filter>
    </ClInclude>
    <ClInclude Include="..\..\..\src\utils\StopWatch.h">
      <Filter>Header Files\utils</Filter>
    </ClInclude>
    <ClInclude Include="..\..\..\src\GrassRendering\GrassRendering.h">
      <Filter>Header Files</Filter>
    </ClInclude>
  </ItemGroup>
  <ItemGroup>
    <None Include="..\..\..\src\GrassRendering\diffuse.fs">
      <Filter>Source Files</Filter>
    </None>
    <None Include="..\..\..\src\GrassRendering\diffuse.vs">
      <Filter>Source Files</Filter>
    </None>
    <None Include="..\..\..\src\GrassRendering\phong.fs">
      <Filter>Source Files</Filter>
    </None>
    <None Include="..\..\..\src\GrassRendering\phong.vs">
      <Filter>Source Files</Filter>
    </None>
    <None Include="..\..\..\src\GrassRendering\tex.fs">
      <Filter>Source Files</Filter>
    </None>
    <None Include="..\..\..\src\GrassRendering\tex.vs">
      <Filter>Source Files</Filter>
    </None>
  </ItemGroup>
</Project>